schema: '2.0'
stages:
  data_ingestion:
    cmd: python sentiment_analysis/data_ingestion.py
    deps:
    - path: sentiment_analysis/data_ingestion.py
      hash: md5
      md5: ebcf90a7442d004ae688f7a297f94e37
      size: 2330
    params:
      params.yaml:
        data_ingestion.test_size: 0.2
    outs:
    - path: data/raw
      hash: md5
      md5: 87d87a03f6d9e37e47dc6aed69d725ba.dir
      size: 1006158
      nfiles: 2
  data_preprocessing:
    cmd: python sentiment_analysis/data_preprocessing.py
    deps:
    - path: data/raw
      hash: md5
      md5: 87d87a03f6d9e37e47dc6aed69d725ba.dir
      size: 1006158
      nfiles: 2
    - path: sentiment_analysis/data_preprocessing.py
      hash: md5
      md5: 429aac8dd6197b0314e0767573469a8c
      size: 3630
    outs:
    - path: data/processed
      hash: md5
      md5: 4d6f6da78886d2dcd86e0c9fc2ea25f3.dir
      size: 693605
      nfiles: 2
  feature_engineering:
    cmd: python sentiment_analysis/feature_engineering.py
    deps:
    - path: sentiment_analysis/feature_engineering.py
      hash: md5
      md5: fba0e8fb4cded5f5eb486cb535f3a3cf
      size: 3262
    params:
      params.yaml:
        feature_engineering.max_features: 50
    outs:
    - path: data/features
      hash: md5
      md5: 0a0aa8ef890de1607b8890f2f1674358.dir
      size: 3031524
      nfiles: 2
  model_building:
    cmd: python sentiment_analysis/model_building.py
    deps:
    - path: data/features
      hash: md5
      md5: 0a0aa8ef890de1607b8890f2f1674358.dir
      size: 3031524
      nfiles: 2
    - path: sentiment_analysis/model_building.py
      hash: md5
      md5: b6d65f9cc7598a02b2fb7be44d986379
      size: 2543
    params:
      params.yaml:
        model_building.learning_rate: 0.2
        model_building.n_estimators: 80
    outs:
    - path: models/model.pkl
      hash: md5
      md5: 550b094cadd996d237977867453d1075
      size: 104590
  model_evaluation:
    cmd: python sentiment_analysis/model_evaluation.py
    deps:
    - path: data/features
      hash: md5
      md5: 0a0aa8ef890de1607b8890f2f1674358.dir
      size: 3031524
      nfiles: 2
    - path: models/model.pkl
      hash: md5
      md5: 550b094cadd996d237977867453d1075
      size: 104590
    - path: sentiment_analysis/model_evaluation.py
      hash: md5
      md5: 7d7d4ca20d0786feb1a3f172878508dc
      size: 3154
    outs:
    - path: metrics.json
      hash: md5
      md5: d5e5dade198681a2d37d25b476d5c0ed
      size: 146
